
Microsoft Visual Studio Solution File, Format Version 12.00
# Visual Studio Version 17
VisualStudioVersion = 17.0.31919.166
MinimumVisualStudioVersion = 10.0.40219.1
Project("{FAE04EC0-301F-11D3-BF4B-00C04F79EFBC}") = "ContainerVervoer", "ContainerVervoer.csproj", "{3352D0B6-E786-4B69-9561-B17B8B864EE5}"
EndProject
Global
	GlobalSection(SolutionConfigurationPlatforms) = preSolution
		Debug|Any CPU = Debug|Any CPU
		Release|Any CPU = Release|Any CPU
	EndGlobalSection
	GlobalSection(ProjectConfigurationPlatforms) = postSolution
		{3352D0B6-E786-4B69-9561-B17B8B864EE5}.Debug|Any CPU.ActiveCfg = Debug|Any CPU
		{3352D0B6-E786-4B69-9561-B17B8B864EE5}.Debug|Any CPU.Build.0 = Debug|Any CPU
		{3352D0B6-E786-4B69-9561-B17B8B864EE5}.Release|Any CPU.ActiveCfg = Release|Any CPU
		{3352D0B6-E786-4B69-9561-B17B8B864EE5}.Release|Any CPU.Build.0 = Release|Any CPU
	EndGlobalSection
	GlobalSection(SolutionProperties) = preSolution
		HideSolutionNode = FALSE
	EndGlobalSection
	GlobalSection(ExtensibilityGlobals) = postSolution
		SolutionGuid = {3C9603C3-80A3-48AC-9374-7114F95A029E}
	EndGlobalSection
EndGlobal
