
Microsoft Visual Studio Solution File, Format Version 12.00
# Visual Studio Version 17
VisualStudioVersion = 17.0.31919.166
MinimumVisualStudioVersion = 10.0.40219.1
Project("{9A19103F-16F7-4668-BE54-9A1E7A4F7556}") = "SimpleAlgoritme", "SimpleAlgoritme.csproj", "{40892D87-CA5A-407B-8421-E7B0CCB7789E}"
EndProject
Project("{FAE04EC0-301F-11D3-BF4B-00C04F79EFBC}") = "SimpleAlgoritmeTest", "..\SimpleAlgoritmeTest\SimpleAlgoritmeTest.csproj", "{7EE65C44-9647-49C9-9477-3A97AF613543}"
EndProject
Global
	GlobalSection(SolutionConfigurationPlatforms) = preSolution
		Debug|Any CPU = Debug|Any CPU
		Release|Any CPU = Release|Any CPU
	EndGlobalSection
	GlobalSection(ProjectConfigurationPlatforms) = postSolution
		{40892D87-CA5A-407B-8421-E7B0CCB7789E}.Debug|Any CPU.ActiveCfg = Debug|Any CPU
		{40892D87-CA5A-407B-8421-E7B0CCB7789E}.Debug|Any CPU.Build.0 = Debug|Any CPU
		{40892D87-CA5A-407B-8421-E7B0CCB7789E}.Release|Any CPU.ActiveCfg = Release|Any CPU
		{40892D87-CA5A-407B-8421-E7B0CCB7789E}.Release|Any CPU.Build.0 = Release|Any CPU
		{7EE65C44-9647-49C9-9477-3A97AF613543}.Debug|Any CPU.ActiveCfg = Debug|Any CPU
		{7EE65C44-9647-49C9-9477-3A97AF613543}.Debug|Any CPU.Build.0 = Debug|Any CPU
		{7EE65C44-9647-49C9-9477-3A97AF613543}.Release|Any CPU.ActiveCfg = Release|Any CPU
		{7EE65C44-9647-49C9-9477-3A97AF613543}.Release|Any CPU.Build.0 = Release|Any CPU
	EndGlobalSection
	GlobalSection(SolutionProperties) = preSolution
		HideSolutionNode = FALSE
	EndGlobalSection
	GlobalSection(ExtensibilityGlobals) = postSolution
		SolutionGuid = {2EDA243A-7059-4C4B-934E-0DB9E225D5CA}
	EndGlobalSection
EndGlobal
